
Microsoft Visual Studio Solution File, Format Version 12.00
# Visual Studio Version 16
VisualStudioVersion = 16.0.31112.23
MinimumVisualStudioVersion = 10.0.40219.1
Project("{FAE04EC0-301F-11D3-BF4B-00C04F79EFBC}") = "TableDataMaker.ConsoleApp", "TableDataMaker.Console\TableDataMaker.ConsoleApp.csproj", "{4631389F-8121-42C1-BDB8-BE3C0D22C1DA}"
EndProject
Global
	GlobalSection(SolutionConfigurationPlatforms) = preSolution
		Debug|Any CPU = Debug|Any CPU
		Release|Any CPU = Release|Any CPU
	EndGlobalSection
	GlobalSection(ProjectConfigurationPlatforms) = postSolution
		{4631389F-8121-42C1-BDB8-BE3C0D22C1DA}.Debug|Any CPU.ActiveCfg = Debug|Any CPU
		{4631389F-8121-42C1-BDB8-BE3C0D22C1DA}.Debug|Any CPU.Build.0 = Debug|Any CPU
		{4631389F-8121-42C1-BDB8-BE3C0D22C1DA}.Release|Any CPU.ActiveCfg = Release|Any CPU
		{4631389F-8121-42C1-BDB8-BE3C0D22C1DA}.Release|Any CPU.Build.0 = Release|Any CPU
	EndGlobalSection
	GlobalSection(SolutionProperties) = preSolution
		HideSolutionNode = FALSE
	EndGlobalSection
	GlobalSection(ExtensibilityGlobals) = postSolution
		SolutionGuid = {D3C04313-4E40-42F8-9AD0-E343BBBF1C93}
	EndGlobalSection
EndGlobal
